
Microsoft Visual Studio Solution File, Format Version 11.00
# Visual Studio 2010
Project("{FAE04EC0-301F-11D3-BF4B-00C04F79EFBC}") = "JsonPrototype", "JsonPrototype\JsonPrototype.csproj", "{F0EF1C13-9B35-457E-B450-D607BF7470AA}"
EndProject
Global
	GlobalSection(SolutionConfigurationPlatforms) = preSolution
		Debug|x86 = Debug|x86
		Release|x86 = Release|x86
	EndGlobalSection
	GlobalSection(ProjectConfigurationPlatforms) = postSolution
		{F0EF1C13-9B35-457E-B450-D607BF7470AA}.Debug|x86.ActiveCfg = Debug|x86
		{F0EF1C13-9B35-457E-B450-D607BF7470AA}.Debug|x86.Build.0 = Debug|x86
		{F0EF1C13-9B35-457E-B450-D607BF7470AA}.Release|x86.ActiveCfg = Release|x86
		{F0EF1C13-9B35-457E-B450-D607BF7470AA}.Release|x86.Build.0 = Release|x86
	EndGlobalSection
	GlobalSection(SolutionProperties) = preSolution
		HideSolutionNode = FALSE
	EndGlobalSection
EndGlobal
